
Microsoft Visual Studio Solution File, Format Version 12.00
# Visual Studio Version 17
VisualStudioVersion = 17.8.34316.72
MinimumVisualStudioVersion = 10.0.40219.1
Project("{FAE04EC0-301F-11D3-BF4B-00C04F79EFBC}") = "Pr2Pattern", "Pr2Pattern\Pr2Pattern.csproj", "{80FDE23C-00DF-47A8-A2F1-29F857DCBE11}"
EndProject
Global
	GlobalSection(SolutionConfigurationPlatforms) = preSolution
		Debug|Any CPU = Debug|Any CPU
		Release|Any CPU = Release|Any CPU
	EndGlobalSection
	GlobalSection(ProjectConfigurationPlatforms) = postSolution
		{80FDE23C-00DF-47A8-A2F1-29F857DCBE11}.Debug|Any CPU.ActiveCfg = Debug|Any CPU
		{80FDE23C-00DF-47A8-A2F1-29F857DCBE11}.Debug|Any CPU.Build.0 = Debug|Any CPU
		{80FDE23C-00DF-47A8-A2F1-29F857DCBE11}.Release|Any CPU.ActiveCfg = Release|Any CPU
		{80FDE23C-00DF-47A8-A2F1-29F857DCBE11}.Release|Any CPU.Build.0 = Release|Any CPU
	EndGlobalSection
	GlobalSection(SolutionProperties) = preSolution
		HideSolutionNode = FALSE
	EndGlobalSection
	GlobalSection(ExtensibilityGlobals) = postSolution
		SolutionGuid = {2A4F6A74-F863-47E7-A3ED-065E89037567}
	EndGlobalSection
EndGlobal
